
Microsoft Visual Studio Solution File, Format Version 12.00
# Visual Studio Version 17
VisualStudioVersion = 17.9.34728.123
MinimumVisualStudioVersion = 10.0.40219.1
Project("{FAE04EC0-301F-11D3-BF4B-00C04F79EFBC}") = "ExamProject", "ExamProject.csproj", "{0F83058D-3209-4C13-B020-CC53D35B6FBB}"
EndProject
Global
	GlobalSection(SolutionConfigurationPlatforms) = preSolution
		Debug|Any CPU = Debug|Any CPU
		Release|Any CPU = Release|Any CPU
	EndGlobalSection
	GlobalSection(ProjectConfigurationPlatforms) = postSolution
		{0F83058D-3209-4C13-B020-CC53D35B6FBB}.Debug|Any CPU.ActiveCfg = Debug|Any CPU
		{0F83058D-3209-4C13-B020-CC53D35B6FBB}.Debug|Any CPU.Build.0 = Debug|Any CPU
		{0F83058D-3209-4C13-B020-CC53D35B6FBB}.Release|Any CPU.ActiveCfg = Release|Any CPU
		{0F83058D-3209-4C13-B020-CC53D35B6FBB}.Release|Any CPU.Build.0 = Release|Any CPU
	EndGlobalSection
	GlobalSection(SolutionProperties) = preSolution
		HideSolutionNode = FALSE
	EndGlobalSection
	GlobalSection(ExtensibilityGlobals) = postSolution
		SolutionGuid = {828A3651-A883-457E-BF8A-6F1D443C6434}
	EndGlobalSection
EndGlobal
